
Microsoft Visual Studio Solution File, Format Version 12.00
# Visual Studio 15
VisualStudioVersion = 15.0.28307.168
MinimumVisualStudioVersion = 10.0.40219.1
Project("{FAE04EC0-301F-11D3-BF4B-00C04F79EFBC}") = "DataAccess", "ClassLibrary1\DataAccess.csproj", "{9CFB5E42-CDEA-4F3A-ACB8-C3FC506EB25A}"
EndProject
Project("{FAE04EC0-301F-11D3-BF4B-00C04F79EFBC}") = "BusinessLayer", "BusinessLayer\BusinessLayer.csproj", "{2D628ADB-31F3-44DC-943C-CCD945AAE3D2}"
EndProject
Project("{FAE04EC0-301F-11D3-BF4B-00C04F79EFBC}") = "Entities", "Entities\Entities.csproj", "{BD88DC04-FC86-45CC-92F3-17762160C3D6}"
EndProject
Project("{FAE04EC0-301F-11D3-BF4B-00C04F79EFBC}") = "WebApi", "WebApi\WebApi.csproj", "{D5663B8F-26DE-4914-8AA8-6F61B2B2C4D5}"
EndProject
Project("{FAE04EC0-301F-11D3-BF4B-00C04F79EFBC}") = "CoreLayer", "CoreLayer\CoreLayer.csproj", "{2190CE1D-1C91-4D41-8D27-58E9E0CF0D33}"
EndProject
Global
	GlobalSection(SolutionConfigurationPlatforms) = preSolution
		Debug|Any CPU = Debug|Any CPU
		Release|Any CPU = Release|Any CPU
	EndGlobalSection
	GlobalSection(ProjectConfigurationPlatforms) = postSolution
		{9CFB5E42-CDEA-4F3A-ACB8-C3FC506EB25A}.Debug|Any CPU.ActiveCfg = Debug|Any CPU
		{9CFB5E42-CDEA-4F3A-ACB8-C3FC506EB25A}.Debug|Any CPU.Build.0 = Debug|Any CPU
		{9CFB5E42-CDEA-4F3A-ACB8-C3FC506EB25A}.Release|Any CPU.ActiveCfg = Release|Any CPU
		{9CFB5E42-CDEA-4F3A-ACB8-C3FC506EB25A}.Release|Any CPU.Build.0 = Release|Any CPU
		{2D628ADB-31F3-44DC-943C-CCD945AAE3D2}.Debug|Any CPU.ActiveCfg = Debug|Any CPU
		{2D628ADB-31F3-44DC-943C-CCD945AAE3D2}.Debug|Any CPU.Build.0 = Debug|Any CPU
		{2D628ADB-31F3-44DC-943C-CCD945AAE3D2}.Release|Any CPU.ActiveCfg = Release|Any CPU
		{2D628ADB-31F3-44DC-943C-CCD945AAE3D2}.Release|Any CPU.Build.0 = Release|Any CPU
		{BD88DC04-FC86-45CC-92F3-17762160C3D6}.Debug|Any CPU.ActiveCfg = Debug|Any CPU
		{BD88DC04-FC86-45CC-92F3-17762160C3D6}.Debug|Any CPU.Build.0 = Debug|Any CPU
		{BD88DC04-FC86-45CC-92F3-17762160C3D6}.Release|Any CPU.ActiveCfg = Release|Any CPU
		{BD88DC04-FC86-45CC-92F3-17762160C3D6}.Release|Any CPU.Build.0 = Release|Any CPU
		{D5663B8F-26DE-4914-8AA8-6F61B2B2C4D5}.Debug|Any CPU.ActiveCfg = Debug|Any CPU
		{D5663B8F-26DE-4914-8AA8-6F61B2B2C4D5}.Debug|Any CPU.Build.0 = Debug|Any CPU
		{D5663B8F-26DE-4914-8AA8-6F61B2B2C4D5}.Release|Any CPU.ActiveCfg = Release|Any CPU
		{D5663B8F-26DE-4914-8AA8-6F61B2B2C4D5}.Release|Any CPU.Build.0 = Release|Any CPU
		{2190CE1D-1C91-4D41-8D27-58E9E0CF0D33}.Debug|Any CPU.ActiveCfg = Debug|Any CPU
		{2190CE1D-1C91-4D41-8D27-58E9E0CF0D33}.Debug|Any CPU.Build.0 = Debug|Any CPU
		{2190CE1D-1C91-4D41-8D27-58E9E0CF0D33}.Release|Any CPU.ActiveCfg = Release|Any CPU
		{2190CE1D-1C91-4D41-8D27-58E9E0CF0D33}.Release|Any CPU.Build.0 = Release|Any CPU
	EndGlobalSection
	GlobalSection(SolutionProperties) = preSolution
		HideSolutionNode = FALSE
	EndGlobalSection
	GlobalSection(ExtensibilityGlobals) = postSolution
		SolutionGuid = {76059F9F-A447-445F-B13B-D2E120D60A49}
	EndGlobalSection
EndGlobal
